
Microsoft Visual Studio Solution File, Format Version 12.00
# Visual Studio Version 16
VisualStudioVersion = 16.0.34301.259
MinimumVisualStudioVersion = 10.0.40219.1
Project("{FAE04EC0-301F-11D3-BF4B-00C04F79EFBC}") = "MethodsAndObjectsAssignment", "MethodsAndObjectsAssignment\MethodsAndObjectsAssignment.csproj", "{4D8A1B31-4382-488C-902D-909C975DC533}"
EndProject
Global
	GlobalSection(SolutionConfigurationPlatforms) = preSolution
		Debug|Any CPU = Debug|Any CPU
		Release|Any CPU = Release|Any CPU
	EndGlobalSection
	GlobalSection(ProjectConfigurationPlatforms) = postSolution
		{4D8A1B31-4382-488C-902D-909C975DC533}.Debug|Any CPU.ActiveCfg = Debug|Any CPU
		{4D8A1B31-4382-488C-902D-909C975DC533}.Debug|Any CPU.Build.0 = Debug|Any CPU
		{4D8A1B31-4382-488C-902D-909C975DC533}.Release|Any CPU.ActiveCfg = Release|Any CPU
		{4D8A1B31-4382-488C-902D-909C975DC533}.Release|Any CPU.Build.0 = Release|Any CPU
	EndGlobalSection
	GlobalSection(SolutionProperties) = preSolution
		HideSolutionNode = FALSE
	EndGlobalSection
	GlobalSection(ExtensibilityGlobals) = postSolution
		SolutionGuid = {6C2E3D62-1251-4291-A9C8-6ED768D185F1}
	EndGlobalSection
EndGlobal
